// !$*UTF8*$!
{
	archiveVersion = 1;
	classes = {
	};
	objectVersion = 56;
	objects = {

/* Begin PBXBuildFile section */
		1237B0572B8047C600B90FEE /* AlertBasic.swift in Sources */ = {isa = PBXBuildFile; fileRef = 1237B0562B8047C600B90FEE /* AlertBasic.swift */; };
		1237B0592B804C1100B90FEE /* ContextMenuBasic.swift in Sources */ = {isa = PBXBuildFile; fileRef = 1237B0582B804C1100B90FEE /* ContextMenuBasic.swift */; };
		1237B05B2B804E5400B90FEE /* ActionSheetBasic.swift in Sources */ = {isa = PBXBuildFile; fileRef = 1237B05A2B804E5400B90FEE /* ActionSheetBasic.swift */; };
		1237B05D2B80533F00B90FEE /* TextFieldBasic.swift in Sources */ = {isa = PBXBuildFile; fileRef = 1237B05C2B80533F00B90FEE /* TextFieldBasic.swift */; };
		1237E58D2B806D4900A3CAD2 /* PickerBasic.swift in Sources */ = {isa = PBXBuildFile; fileRef = 1237E58C2B806D4900A3CAD2 /* PickerBasic.swift */; };
		1237E58F2B806F4800A3CAD2 /* ColorPickerBasic.swift in Sources */ = {isa = PBXBuildFile; fileRef = 1237E58E2B806F4800A3CAD2 /* ColorPickerBasic.swift */; };
		1237E5912B8074CA00A3CAD2 /* DatePickerBasic.swift in Sources */ = {isa = PBXBuildFile; fileRef = 1237E5902B8074CA00A3CAD2 /* DatePickerBasic.swift */; };
		1237E5932B8078F400A3CAD2 /* StepperBasic.swift in Sources */ = {isa = PBXBuildFile; fileRef = 1237E5922B8078F400A3CAD2 /* StepperBasic.swift */; };
		125840FC2B7B89E500B691EF /* StackBasic.swift in Sources */ = {isa = PBXBuildFile; fileRef = 125840FB2B7B89E500B691EF /* StackBasic.swift */; };
		125840FE2B7B8FDC00B691EF /* PaddingBasic.swift in Sources */ = {isa = PBXBuildFile; fileRef = 125840FD2B7B8FDC00B691EF /* PaddingBasic.swift */; };
		125841002B7B975000B691EF /* SpacerBasic.swift in Sources */ = {isa = PBXBuildFile; fileRef = 125840FF2B7B975000B691EF /* SpacerBasic.swift */; };
		125841022B7B99C600B691EF /* ScrollViewBasic.swift in Sources */ = {isa = PBXBuildFile; fileRef = 125841012B7B99C600B691EF /* ScrollViewBasic.swift */; };
		125841042B7B9C9C00B691EF /* InitEnumBasic.swift in Sources */ = {isa = PBXBuildFile; fileRef = 125841032B7B9C9C00B691EF /* InitEnumBasic.swift */; };
		125841062B7BA1B600B691EF /* ForEachLoopBasic.swift in Sources */ = {isa = PBXBuildFile; fileRef = 125841052B7BA1B600B691EF /* ForEachLoopBasic.swift */; };
		12891E172B80D515002B71E2 /* TabViewBasic.swift in Sources */ = {isa = PBXBuildFile; fileRef = 12891E162B80D515002B71E2 /* TabViewBasic.swift */; };
		12891E192B80D90B002B71E2 /* DarkModeBasic.swift in Sources */ = {isa = PBXBuildFile; fileRef = 12891E182B80D90B002B71E2 /* DarkModeBasic.swift */; };
		12891E1B2B80DAFF002B71E2 /* OnAppearBasic.swift in Sources */ = {isa = PBXBuildFile; fileRef = 12891E1A2B80DAFF002B71E2 /* OnAppearBasic.swift */; };
		129D31902B7A3F4E00B5FA5D /* SwiftUIBasicApp.swift in Sources */ = {isa = PBXBuildFile; fileRef = 129D318F2B7A3F4E00B5FA5D /* SwiftUIBasicApp.swift */; };
		129D31922B7A3F4E00B5FA5D /* ContentView.swift in Sources */ = {isa = PBXBuildFile; fileRef = 129D31912B7A3F4E00B5FA5D /* ContentView.swift */; };
		129D31942B7A3F4F00B5FA5D /* Assets.xcassets in Resources */ = {isa = PBXBuildFile; fileRef = 129D31932B7A3F4F00B5FA5D /* Assets.xcassets */; };
		129D31972B7A3F4F00B5FA5D /* Preview Assets.xcassets in Resources */ = {isa = PBXBuildFile; fileRef = 129D31962B7A3F4F00B5FA5D /* Preview Assets.xcassets */; };
		129D319E2B7A3FE000B5FA5D /* TextBasic.swift in Sources */ = {isa = PBXBuildFile; fileRef = 129D319D2B7A3FE000B5FA5D /* TextBasic.swift */; };
		129D31A02B7A443200B5FA5D /* ShapeBasic.swift in Sources */ = {isa = PBXBuildFile; fileRef = 129D319F2B7A443200B5FA5D /* ShapeBasic.swift */; };
		129D31A22B7A4A3B00B5FA5D /* ColorBasic.swift in Sources */ = {isa = PBXBuildFile; fileRef = 129D31A12B7A4A3B00B5FA5D /* ColorBasic.swift */; };
		129D31A42B7A504A00B5FA5D /* GradientBasic.swift in Sources */ = {isa = PBXBuildFile; fileRef = 129D31A32B7A504A00B5FA5D /* GradientBasic.swift */; };
		129D31A72B7A53A100B5FA5D /* IconBasic.swift in Sources */ = {isa = PBXBuildFile; fileRef = 129D31A62B7A53A100B5FA5D /* IconBasic.swift */; };
		129D31A92B7A552000B5FA5D /* ImageBasic.swift in Sources */ = {isa = PBXBuildFile; fileRef = 129D31A82B7A552000B5FA5D /* ImageBasic.swift */; };
		129D31AB2B7A575800B5FA5D /* FrameBasic.swift in Sources */ = {isa = PBXBuildFile; fileRef = 129D31AA2B7A575800B5FA5D /* FrameBasic.swift */; };
		129D31AD2B7A5B9600B5FA5D /* BackgroundOverlayBasic.swift in Sources */ = {isa = PBXBuildFile; fileRef = 129D31AC2B7A5B9600B5FA5D /* BackgroundOverlayBasic.swift */; };
		12B291902B7E2E7C00577527 /* ButtonBasic.swift in Sources */ = {isa = PBXBuildFile; fileRef = 12B2918F2B7E2E7C00577527 /* ButtonBasic.swift */; };
		12B291932B7E321900577527 /* StateBasic.swift in Sources */ = {isa = PBXBuildFile; fileRef = 12B291922B7E321900577527 /* StateBasic.swift */; };
		12B291952B7E358C00577527 /* ExtractViewBasic.swift in Sources */ = {isa = PBXBuildFile; fileRef = 12B291942B7E358C00577527 /* ExtractViewBasic.swift */; };
		12B291972B7E370E00577527 /* ItemBasic.swift in Sources */ = {isa = PBXBuildFile; fileRef = 12B291962B7E370E00577527 /* ItemBasic.swift */; };
		12B291992B7E372A00577527 /* ExtractSubViewBasic.swift in Sources */ = {isa = PBXBuildFile; fileRef = 12B291982B7E372A00577527 /* ExtractSubViewBasic.swift */; };
		12B2919B2B7E3AC800577527 /* BindingBasic.swift in Sources */ = {isa = PBXBuildFile; fileRef = 12B2919A2B7E3AC800577527 /* BindingBasic.swift */; };
		12B2919D2B7E3AFC00577527 /* BindingChild.swift in Sources */ = {isa = PBXBuildFile; fileRef = 12B2919C2B7E3AFC00577527 /* BindingChild.swift */; };
		12B2919F2B7E3E0200577527 /* ConditionalBasic.swift in Sources */ = {isa = PBXBuildFile; fileRef = 12B2919E2B7E3E0200577527 /* ConditionalBasic.swift */; };
		12B291A12B7E416E00577527 /* TernaryBasic.swift in Sources */ = {isa = PBXBuildFile; fileRef = 12B291A02B7E416E00577527 /* TernaryBasic.swift */; };
		12DAFF042B80D179004D2D3D /* SliderBasic.swift in Sources */ = {isa = PBXBuildFile; fileRef = 12DAFF032B80D179004D2D3D /* SliderBasic.swift */; };
		12DEE6F02B806B7D002B1443 /* ToggleBasic.swift in Sources */ = {isa = PBXBuildFile; fileRef = 12DEE6EF2B806B7D002B1443 /* ToggleBasic.swift */; };
		524764672B7EEE800082C64E /* AnimationBasic1.swift in Sources */ = {isa = PBXBuildFile; fileRef = 524764662B7EEE800082C64E /* AnimationBasic1.swift */; };
		524764692B7EF0170082C64E /* AnimationBasic2.swift in Sources */ = {isa = PBXBuildFile; fileRef = 524764682B7EF0170082C64E /* AnimationBasic2.swift */; };
		5247646B2B7EF1350082C64E /* AnimationBasic3.swift in Sources */ = {isa = PBXBuildFile; fileRef = 5247646A2B7EF1350082C64E /* AnimationBasic3.swift */; };
		5247646D2B7EF7880082C64E /* TransitionBasic.swift in Sources */ = {isa = PBXBuildFile; fileRef = 5247646C2B7EF7880082C64E /* TransitionBasic.swift */; };
		524764702B7EFB5E0082C64E /* SheetBasic.swift in Sources */ = {isa = PBXBuildFile; fileRef = 5247646F2B7EFB5E0082C64E /* SheetBasic.swift */; };
		524764722B7EFB6A0082C64E /* SheetBasic2.swift in Sources */ = {isa = PBXBuildFile; fileRef = 524764712B7EFB6A0082C64E /* SheetBasic2.swift */; };
		524764762B7EFD540082C64E /* NavigationBasic.swift in Sources */ = {isa = PBXBuildFile; fileRef = 524764752B7EFD540082C64E /* NavigationBasic.swift */; };
		524764782B7EFD650082C64E /* SecondNavigationView.swift in Sources */ = {isa = PBXBuildFile; fileRef = 524764772B7EFD650082C64E /* SecondNavigationView.swift */; };
		5247647B2B7F00830082C64E /* ListBasic.swift in Sources */ = {isa = PBXBuildFile; fileRef = 5247647A2B7F00830082C64E /* ListBasic.swift */; };
		52B918CC2B7DBE3E00451E24 /* LazyGridBasic.swift in Sources */ = {isa = PBXBuildFile; fileRef = 52B918CB2B7DBE3E00451E24 /* LazyGridBasic.swift */; };
		52B918D02B7DC33D00451E24 /* IgnoreSafeAreaBasic.swift in Sources */ = {isa = PBXBuildFile; fileRef = 52B918CF2B7DC33D00451E24 /* IgnoreSafeAreaBasic.swift */; };
/* End PBXBuildFile section */

/* Begin PBXFileReference section */
		1237B0562B8047C600B90FEE /* AlertBasic.swift */ = {isa = PBXFileReference; lastKnownFileType = sourcecode.swift; path = AlertBasic.swift; sourceTree = "<group>"; };
		1237B0582B804C1100B90FEE /* ContextMenuBasic.swift */ = {isa = PBXFileReference; lastKnownFileType = sourcecode.swift; path = ContextMenuBasic.swift; sourceTree = "<group>"; };
		1237B05A2B804E5400B90FEE /* ActionSheetBasic.swift */ = {isa = PBXFileReference; lastKnownFileType = sourcecode.swift; path = ActionSheetBasic.swift; sourceTree = "<group>"; };
		1237B05C2B80533F00B90FEE /* TextFieldBasic.swift */ = {isa = PBXFileReference; lastKnownFileType = sourcecode.swift; path = TextFieldBasic.swift; sourceTree = "<group>"; };
		1237E58C2B806D4900A3CAD2 /* PickerBasic.swift */ = {isa = PBXFileReference; lastKnownFileType = sourcecode.swift; path = PickerBasic.swift; sourceTree = "<group>"; };
		1237E58E2B806F4800A3CAD2 /* ColorPickerBasic.swift */ = {isa = PBXFileReference; lastKnownFileType = sourcecode.swift; path = ColorPickerBasic.swift; sourceTree = "<group>"; };
		1237E5902B8074CA00A3CAD2 /* DatePickerBasic.swift */ = {isa = PBXFileReference; lastKnownFileType = sourcecode.swift; path = DatePickerBasic.swift; sourceTree = "<group>"; };
		1237E5922B8078F400A3CAD2 /* StepperBasic.swift */ = {isa = PBXFileReference; lastKnownFileType = sourcecode.swift; path = StepperBasic.swift; sourceTree = "<group>"; };
		125840FB2B7B89E500B691EF /* StackBasic.swift */ = {isa = PBXFileReference; lastKnownFileType = sourcecode.swift; path = StackBasic.swift; sourceTree = "<group>"; };
		125840FD2B7B8FDC00B691EF /* PaddingBasic.swift */ = {isa = PBXFileReference; lastKnownFileType = sourcecode.swift; path = PaddingBasic.swift; sourceTree = "<group>"; };
		125840FF2B7B975000B691EF /* SpacerBasic.swift */ = {isa = PBXFileReference; lastKnownFileType = sourcecode.swift; path = SpacerBasic.swift; sourceTree = "<group>"; };
		125841012B7B99C600B691EF /* ScrollViewBasic.swift */ = {isa = PBXFileReference; lastKnownFileType = sourcecode.swift; path = ScrollViewBasic.swift; sourceTree = "<group>"; };
		125841032B7B9C9C00B691EF /* InitEnumBasic.swift */ = {isa = PBXFileReference; lastKnownFileType = sourcecode.swift; path = InitEnumBasic.swift; sourceTree = "<group>"; };
		125841052B7BA1B600B691EF /* ForEachLoopBasic.swift */ = {isa = PBXFileReference; lastKnownFileType = sourcecode.swift; path = ForEachLoopBasic.swift; sourceTree = "<group>"; };
		12891E162B80D515002B71E2 /* TabViewBasic.swift */ = {isa = PBXFileReference; lastKnownFileType = sourcecode.swift; path = TabViewBasic.swift; sourceTree = "<group>"; };
		12891E182B80D90B002B71E2 /* DarkModeBasic.swift */ = {isa = PBXFileReference; lastKnownFileType = sourcecode.swift; path = DarkModeBasic.swift; sourceTree = "<group>"; };
		12891E1A2B80DAFF002B71E2 /* OnAppearBasic.swift */ = {isa = PBXFileReference; lastKnownFileType = sourcecode.swift; path = OnAppearBasic.swift; sourceTree = "<group>"; };
		129D318C2B7A3F4E00B5FA5D /* SwiftUIBasic.app */ = {isa = PBXFileReference; explicitFileType = wrapper.application; includeInIndex = 0; path = SwiftUIBasic.app; sourceTree = BUILT_PRODUCTS_DIR; };
		129D318F2B7A3F4E00B5FA5D /* SwiftUIBasicApp.swift */ = {isa = PBXFileReference; lastKnownFileType = sourcecode.swift; path = SwiftUIBasicApp.swift; sourceTree = "<group>"; };
		129D31912B7A3F4E00B5FA5D /* ContentView.swift */ = {isa = PBXFileReference; lastKnownFileType = sourcecode.swift; path = ContentView.swift; sourceTree = "<group>"; };
		129D31932B7A3F4F00B5FA5D /* Assets.xcassets */ = {isa = PBXFileReference; lastKnownFileType = folder.assetcatalog; path = Assets.xcassets; sourceTree = "<group>"; };
		129D31962B7A3F4F00B5FA5D /* Preview Assets.xcassets */ = {isa = PBXFileReference; lastKnownFileType = folder.assetcatalog; path = "Preview Assets.xcassets"; sourceTree = "<group>"; };
		129D319D2B7A3FE000B5FA5D /* TextBasic.swift */ = {isa = PBXFileReference; lastKnownFileType = sourcecode.swift; path = TextBasic.swift; sourceTree = "<group>"; };
		129D319F2B7A443200B5FA5D /* ShapeBasic.swift */ = {isa = PBXFileReference; lastKnownFileType = sourcecode.swift; path = ShapeBasic.swift; sourceTree = "<group>"; };
		129D31A12B7A4A3B00B5FA5D /* ColorBasic.swift */ = {isa = PBXFileReference; lastKnownFileType = sourcecode.swift; path = ColorBasic.swift; sourceTree = "<group>"; };
		129D31A32B7A504A00B5FA5D /* GradientBasic.swift */ = {isa = PBXFileReference; lastKnownFileType = sourcecode.swift; path = GradientBasic.swift; sourceTree = "<group>"; };
		129D31A62B7A53A100B5FA5D /* IconBasic.swift */ = {isa = PBXFileReference; lastKnownFileType = sourcecode.swift; path = IconBasic.swift; sourceTree = "<group>"; };
		129D31A82B7A552000B5FA5D /* ImageBasic.swift */ = {isa = PBXFileReference; lastKnownFileType = sourcecode.swift; path = ImageBasic.swift; sourceTree = "<group>"; };
		129D31AA2B7A575800B5FA5D /* FrameBasic.swift */ = {isa = PBXFileReference; lastKnownFileType = sourcecode.swift; path = FrameBasic.swift; sourceTree = "<group>"; };
		129D31AC2B7A5B9600B5FA5D /* BackgroundOverlayBasic.swift */ = {isa = PBXFileReference; lastKnownFileType = sourcecode.swift; path = BackgroundOverlayBasic.swift; sourceTree = "<group>"; };
		12B2918F2B7E2E7C00577527 /* ButtonBasic.swift */ = {isa = PBXFileReference; lastKnownFileType = sourcecode.swift; path = ButtonBasic.swift; sourceTree = "<group>"; };
		12B291922B7E321900577527 /* StateBasic.swift */ = {isa = PBXFileReference; lastKnownFileType = sourcecode.swift; path = StateBasic.swift; sourceTree = "<group>"; };
		12B291942B7E358C00577527 /* ExtractViewBasic.swift */ = {isa = PBXFileReference; lastKnownFileType = sourcecode.swift; path = ExtractViewBasic.swift; sourceTree = "<group>"; };
		12B291962B7E370E00577527 /* ItemBasic.swift */ = {isa = PBXFileReference; lastKnownFileType = sourcecode.swift; path = ItemBasic.swift; sourceTree = "<group>"; };
		12B291982B7E372A00577527 /* ExtractSubViewBasic.swift */ = {isa = PBXFileReference; lastKnownFileType = sourcecode.swift; path = ExtractSubViewBasic.swift; sourceTree = "<group>"; };
		12B2919A2B7E3AC800577527 /* BindingBasic.swift */ = {isa = PBXFileReference; lastKnownFileType = sourcecode.swift; path = BindingBasic.swift; sourceTree = "<group>"; };
		12B2919C2B7E3AFC00577527 /* BindingChild.swift */ = {isa = PBXFileReference; lastKnownFileType = sourcecode.swift; path = BindingChild.swift; sourceTree = "<group>"; };
		12B2919E2B7E3E0200577527 /* ConditionalBasic.swift */ = {isa = PBXFileReference; lastKnownFileType = sourcecode.swift; path = ConditionalBasic.swift; sourceTree = "<group>"; };
		12B291A02B7E416E00577527 /* TernaryBasic.swift */ = {isa = PBXFileReference; lastKnownFileType = sourcecode.swift; path = TernaryBasic.swift; sourceTree = "<group>"; };
		12DAFF032B80D179004D2D3D /* SliderBasic.swift */ = {isa = PBXFileReference; lastKnownFileType = sourcecode.swift; path = SliderBasic.swift; sourceTree = "<group>"; };
		12DEE6EF2B806B7D002B1443 /* ToggleBasic.swift */ = {isa = PBXFileReference; lastKnownFileType = sourcecode.swift; path = ToggleBasic.swift; sourceTree = "<group>"; };
		524764662B7EEE800082C64E /* AnimationBasic1.swift */ = {isa = PBXFileReference; lastKnownFileType = sourcecode.swift; path = AnimationBasic1.swift; sourceTree = "<group>"; };
		524764682B7EF0170082C64E /* AnimationBasic2.swift */ = {isa = PBXFileReference; lastKnownFileType = sourcecode.swift; path = AnimationBasic2.swift; sourceTree = "<group>"; };
		5247646A2B7EF1350082C64E /* AnimationBasic3.swift */ = {isa = PBXFileReference; lastKnownFileType = sourcecode.swift; path = AnimationBasic3.swift; sourceTree = "<group>"; };
		5247646C2B7EF7880082C64E /* TransitionBasic.swift */ = {isa = PBXFileReference; lastKnownFileType = sourcecode.swift; path = TransitionBasic.swift; sourceTree = "<group>"; };
		5247646F2B7EFB5E0082C64E /* SheetBasic.swift */ = {isa = PBXFileReference; lastKnownFileType = sourcecode.swift; path = SheetBasic.swift; sourceTree = "<group>"; };
		524764712B7EFB6A0082C64E /* SheetBasic2.swift */ = {isa = PBXFileReference; lastKnownFileType = sourcecode.swift; path = SheetBasic2.swift; sourceTree = "<group>"; };
		524764752B7EFD540082C64E /* NavigationBasic.swift */ = {isa = PBXFileReference; lastKnownFileType = sourcecode.swift; path = NavigationBasic.swift; sourceTree = "<group>"; };
		524764772B7EFD650082C64E /* SecondNavigationView.swift */ = {isa = PBXFileReference; lastKnownFileType = sourcecode.swift; path = SecondNavigationView.swift; sourceTree = "<group>"; };
		5247647A2B7F00830082C64E /* ListBasic.swift */ = {isa = PBXFileReference; lastKnownFileType = sourcecode.swift; path = ListBasic.swift; sourceTree = "<group>"; };
		52B918CB2B7DBE3E00451E24 /* LazyGridBasic.swift */ = {isa = PBXFileReference; lastKnownFileType = sourcecode.swift; path = LazyGridBasic.swift; sourceTree = "<group>"; };
		52B918CF2B7DC33D00451E24 /* IgnoreSafeAreaBasic.swift */ = {isa = PBXFileReference; lastKnownFileType = sourcecode.swift; path = IgnoreSafeAreaBasic.swift; sourceTree = "<group>"; };
/* End PBXFileReference section */

/* Begin PBXFrameworksBuildPhase section */
		129D31892B7A3F4E00B5FA5D /* Frameworks */ = {
			isa = PBXFrameworksBuildPhase;
			buildActionMask = 2147483647;
			files = (
			);
			runOnlyForDeploymentPostprocessing = 0;
		};
/* End PBXFrameworksBuildPhase section */

/* Begin PBXGroup section */
		129D31832B7A3F4E00B5FA5D = {
			isa = PBXGroup;
			children = (
				129D318E2B7A3F4E00B5FA5D /* SwiftUIBasic */,
				129D318D2B7A3F4E00B5FA5D /* Products */,
			);
			sourceTree = "<group>";
		};
		129D318D2B7A3F4E00B5FA5D /* Products */ = {
			isa = PBXGroup;
			children = (
				129D318C2B7A3F4E00B5FA5D /* SwiftUIBasic.app */,
			);
			name = Products;
			sourceTree = "<group>";
		};
		129D318E2B7A3F4E00B5FA5D /* SwiftUIBasic */ = {
			isa = PBXGroup;
			children = (
				5247646E2B7EFB2C0082C64E /* Core */,
				524764652B7EEE730082C64E /* Animation */,
				12B291912B7E31DD00577527 /* Property */,
				129D31A52B7A522D00B5FA5D /* UI Basic */,
				129D318F2B7A3F4E00B5FA5D /* SwiftUIBasicApp.swift */,
				129D31912B7A3F4E00B5FA5D /* ContentView.swift */,
				129D31932B7A3F4F00B5FA5D /* Assets.xcassets */,
				129D31952B7A3F4F00B5FA5D /* Preview Content */,
				12B291A02B7E416E00577527 /* TernaryBasic.swift */,
			);
			path = SwiftUIBasic;
			sourceTree = "<group>";
		};
		129D31952B7A3F4F00B5FA5D /* Preview Content */ = {
			isa = PBXGroup;
			children = (
				129D31962B7A3F4F00B5FA5D /* Preview Assets.xcassets */,
			);
			path = "Preview Content";
			sourceTree = "<group>";
		};
		129D31A52B7A522D00B5FA5D /* UI Basic */ = {
			isa = PBXGroup;
			children = (
				129D319D2B7A3FE000B5FA5D /* TextBasic.swift */,
				129D319F2B7A443200B5FA5D /* ShapeBasic.swift */,
				129D31A12B7A4A3B00B5FA5D /* ColorBasic.swift */,
				129D31A32B7A504A00B5FA5D /* GradientBasic.swift */,
				129D31A62B7A53A100B5FA5D /* IconBasic.swift */,
				129D31A82B7A552000B5FA5D /* ImageBasic.swift */,
				129D31AA2B7A575800B5FA5D /* FrameBasic.swift */,
				129D31AC2B7A5B9600B5FA5D /* BackgroundOverlayBasic.swift */,
				125840FB2B7B89E500B691EF /* StackBasic.swift */,
				125840FD2B7B8FDC00B691EF /* PaddingBasic.swift */,
				125840FF2B7B975000B691EF /* SpacerBasic.swift */,
				125841012B7B99C600B691EF /* ScrollViewBasic.swift */,
				125841032B7B9C9C00B691EF /* InitEnumBasic.swift */,
				125841052B7BA1B600B691EF /* ForEachLoopBasic.swift */,
				52B918CB2B7DBE3E00451E24 /* LazyGridBasic.swift */,
				52B918CF2B7DC33D00451E24 /* IgnoreSafeAreaBasic.swift */,
				12B2918F2B7E2E7C00577527 /* ButtonBasic.swift */,
			);
			path = "UI Basic";
			sourceTree = "<group>";
		};
		12B291912B7E31DD00577527 /* Property */ = {
			isa = PBXGroup;
			children = (
				12B291922B7E321900577527 /* StateBasic.swift */,
				12B291942B7E358C00577527 /* ExtractViewBasic.swift */,
				12B291962B7E370E00577527 /* ItemBasic.swift */,
				12B291982B7E372A00577527 /* ExtractSubViewBasic.swift */,
				12B2919A2B7E3AC800577527 /* BindingBasic.swift */,
				12B2919C2B7E3AFC00577527 /* BindingChild.swift */,
				12B2919E2B7E3E0200577527 /* ConditionalBasic.swift */,
			);
			path = Property;
			sourceTree = "<group>";
		};
		524764652B7EEE730082C64E /* Animation */ = {
			isa = PBXGroup;
			children = (
				524764662B7EEE800082C64E /* AnimationBasic1.swift */,
				524764682B7EF0170082C64E /* AnimationBasic2.swift */,
				5247646A2B7EF1350082C64E /* AnimationBasic3.swift */,
				5247646C2B7EF7880082C64E /* TransitionBasic.swift */,
			);
			path = Animation;
			sourceTree = "<group>";
		};
		5247646E2B7EFB2C0082C64E /* Core */ = {
			isa = PBXGroup;
			children = (
				5247647A2B7F00830082C64E /* ListBasic.swift */,
				1237B0562B8047C600B90FEE /* AlertBasic.swift */,
				524764742B7EFD380082C64E /* Navigation */,
				524764732B7EFB730082C64E /* Sheet */,
				1237B0582B804C1100B90FEE /* ContextMenuBasic.swift */,
				1237B05A2B804E5400B90FEE /* ActionSheetBasic.swift */,
				1237B05C2B80533F00B90FEE /* TextFieldBasic.swift */,
				12DEE6EF2B806B7D002B1443 /* ToggleBasic.swift */,
				1237E58C2B806D4900A3CAD2 /* PickerBasic.swift */,
				1237E58E2B806F4800A3CAD2 /* ColorPickerBasic.swift */,
				1237E5902B8074CA00A3CAD2 /* DatePickerBasic.swift */,
				1237E5922B8078F400A3CAD2 /* StepperBasic.swift */,
				12DAFF032B80D179004D2D3D /* SliderBasic.swift */,
				12891E162B80D515002B71E2 /* TabViewBasic.swift */,
				12891E182B80D90B002B71E2 /* DarkModeBasic.swift */,
				12891E1A2B80DAFF002B71E2 /* OnAppearBasic.swift */,
			);
			path = Core;
			sourceTree = "<group>";
		};
		524764732B7EFB730082C64E /* Sheet */ = {
			isa = PBXGroup;
			children = (
				5247646F2B7EFB5E0082C64E /* SheetBasic.swift */,
				524764712B7EFB6A0082C64E /* SheetBasic2.swift */,
			);
			path = Sheet;
			sourceTree = "<group>";
		};
		524764742B7EFD380082C64E /* Navigation */ = {
			isa = PBXGroup;
			children = (
				524764752B7EFD540082C64E /* NavigationBasic.swift */,
				524764772B7EFD650082C64E /* SecondNavigationView.swift */,
			);
			path = Navigation;
			sourceTree = "<group>";
		};
/* End PBXGroup section */

/* Begin PBXNativeTarget section */
		129D318B2B7A3F4E00B5FA5D /* SwiftUIBasic */ = {
			isa = PBXNativeTarget;
			buildConfigurationList = 129D319A2B7A3F4F00B5FA5D /* Build configuration list for PBXNativeTarget "SwiftUIBasic" */;
			buildPhases = (
				129D31882B7A3F4E00B5FA5D /* Sources */,
				129D31892B7A3F4E00B5FA5D /* Frameworks */,
				129D318A2B7A3F4E00B5FA5D /* Resources */,
			);
			buildRules = (
			);
			dependencies = (
			);
			name = SwiftUIBasic;
			productName = SwiftUIBasic;
			productReference = 129D318C2B7A3F4E00B5FA5D /* SwiftUIBasic.app */;
			productType = "com.apple.product-type.application";
		};
/* End PBXNativeTarget section */

/* Begin PBXProject section */
		129D31842B7A3F4E00B5FA5D /* Project object */ = {
			isa = PBXProject;
			attributes = {
				BuildIndependentTargetsInParallel = 1;
				LastSwiftUpdateCheck = 1510;
				LastUpgradeCheck = 1510;
				TargetAttributes = {
					129D318B2B7A3F4E00B5FA5D = {
						CreatedOnToolsVersion = 15.1;
					};
				};
			};
			buildConfigurationList = 129D31872B7A3F4E00B5FA5D /* Build configuration list for PBXProject "SwiftUIBasic" */;
			compatibilityVersion = "Xcode 14.0";
			developmentRegion = en;
			hasScannedForEncodings = 0;
			knownRegions = (
				en,
				Base,
			);
			mainGroup = 129D31832B7A3F4E00B5FA5D;
			productRefGroup = 129D318D2B7A3F4E00B5FA5D /* Products */;
			projectDirPath = "";
			projectRoot = "";
			targets = (
				129D318B2B7A3F4E00B5FA5D /* SwiftUIBasic */,
			);
		};
/* End PBXProject section */

/* Begin PBXResourcesBuildPhase section */
		129D318A2B7A3F4E00B5FA5D /* Resources */ = {
			isa = PBXResourcesBuildPhase;
			buildActionMask = 2147483647;
			files = (
				129D31972B7A3F4F00B5FA5D /* Preview Assets.xcassets in Resources */,
				129D31942B7A3F4F00B5FA5D /* Assets.xcassets in Resources */,
			);
			runOnlyForDeploymentPostprocessing = 0;
		};
/* End PBXResourcesBuildPhase section */

/* Begin PBXSourcesBuildPhase section */
		129D31882B7A3F4E00B5FA5D /* Sources */ = {
			isa = PBXSourcesBuildPhase;
			buildActionMask = 2147483647;
			files = (
				1237B0572B8047C600B90FEE /* AlertBasic.swift in Sources */,
				125841042B7B9C9C00B691EF /* InitEnumBasic.swift in Sources */,
				129D31A92B7A552000B5FA5D /* ImageBasic.swift in Sources */,
				12891E172B80D515002B71E2 /* TabViewBasic.swift in Sources */,
				12DEE6F02B806B7D002B1443 /* ToggleBasic.swift in Sources */,
				12B2919B2B7E3AC800577527 /* BindingBasic.swift in Sources */,
				129D31A42B7A504A00B5FA5D /* GradientBasic.swift in Sources */,
				12891E1B2B80DAFF002B71E2 /* OnAppearBasic.swift in Sources */,
				52B918CC2B7DBE3E00451E24 /* LazyGridBasic.swift in Sources */,
				12B291992B7E372A00577527 /* ExtractSubViewBasic.swift in Sources */,
				524764702B7EFB5E0082C64E /* SheetBasic.swift in Sources */,
				1237B0592B804C1100B90FEE /* ContextMenuBasic.swift in Sources */,
				129D31A72B7A53A100B5FA5D /* IconBasic.swift in Sources */,
				12B2919D2B7E3AFC00577527 /* BindingChild.swift in Sources */,
				129D31AD2B7A5B9600B5FA5D /* BackgroundOverlayBasic.swift in Sources */,
				1237B05B2B804E5400B90FEE /* ActionSheetBasic.swift in Sources */,
				12B291902B7E2E7C00577527 /* ButtonBasic.swift in Sources */,
				125841062B7BA1B600B691EF /* ForEachLoopBasic.swift in Sources */,
				129D319E2B7A3FE000B5FA5D /* TextBasic.swift in Sources */,
				524764782B7EFD650082C64E /* SecondNavigationView.swift in Sources */,
				129D31922B7A3F4E00B5FA5D /* ContentView.swift in Sources */,
				12DAFF042B80D179004D2D3D /* SliderBasic.swift in Sources */,
				1237B05D2B80533F00B90FEE /* TextFieldBasic.swift in Sources */,
				5247646D2B7EF7880082C64E /* TransitionBasic.swift in Sources */,
				12891E192B80D90B002B71E2 /* DarkModeBasic.swift in Sources */,
				129D31A02B7A443200B5FA5D /* ShapeBasic.swift in Sources */,
				52B918D02B7DC33D00451E24 /* IgnoreSafeAreaBasic.swift in Sources */,
				12B291A12B7E416E00577527 /* TernaryBasic.swift in Sources */,
				129D31A22B7A4A3B00B5FA5D /* ColorBasic.swift in Sources */,
				524764692B7EF0170082C64E /* AnimationBasic2.swift in Sources */,
				524764672B7EEE800082C64E /* AnimationBasic1.swift in Sources */,
				5247646B2B7EF1350082C64E /* AnimationBasic3.swift in Sources */,
				129D31902B7A3F4E00B5FA5D /* SwiftUIBasicApp.swift in Sources */,
				524764722B7EFB6A0082C64E /* SheetBasic2.swift in Sources */,
				524764762B7EFD540082C64E /* NavigationBasic.swift in Sources */,
				125841002B7B975000B691EF /* SpacerBasic.swift in Sources */,
				125841022B7B99C600B691EF /* ScrollViewBasic.swift in Sources */,
				5247647B2B7F00830082C64E /* ListBasic.swift in Sources */,
				1237E5912B8074CA00A3CAD2 /* DatePickerBasic.swift in Sources */,
				129D31AB2B7A575800B5FA5D /* FrameBasic.swift in Sources */,
				12B291952B7E358C00577527 /* ExtractViewBasic.swift in Sources */,
				1237E58F2B806F4800A3CAD2 /* ColorPickerBasic.swift in Sources */,
				125840FE2B7B8FDC00B691EF /* PaddingBasic.swift in Sources */,
				12B291932B7E321900577527 /* StateBasic.swift in Sources */,
				12B2919F2B7E3E0200577527 /* ConditionalBasic.swift in Sources */,
				125840FC2B7B89E500B691EF /* StackBasic.swift in Sources */,
				1237E58D2B806D4900A3CAD2 /* PickerBasic.swift in Sources */,
				12B291972B7E370E00577527 /* ItemBasic.swift in Sources */,
				1237E5932B8078F400A3CAD2 /* StepperBasic.swift in Sources */,
			);
			runOnlyForDeploymentPostprocessing = 0;
		};
/* End PBXSourcesBuildPhase section */

/* Begin XCBuildConfiguration section */
		129D31982B7A3F4F00B5FA5D /* Debug */ = {
			isa = XCBuildConfiguration;
			buildSettings = {
				ALWAYS_SEARCH_USER_PATHS = NO;
				ASSETCATALOG_COMPILER_GENERATE_SWIFT_ASSET_SYMBOL_EXTENSIONS = YES;
				CLANG_ANALYZER_NONNULL = YES;
				CLANG_ANALYZER_NUMBER_OBJECT_CONVERSION = YES_AGGRESSIVE;
				CLANG_CXX_LANGUAGE_STANDARD = "gnu++20";
				CLANG_ENABLE_MODULES = YES;
				CLANG_ENABLE_OBJC_ARC = YES;
				CLANG_ENABLE_OBJC_WEAK = YES;
				CLANG_WARN_BLOCK_CAPTURE_AUTORELEASING = YES;
				CLANG_WARN_BOOL_CONVERSION = YES;
				CLANG_WARN_COMMA = YES;
				CLANG_WARN_CONSTANT_CONVERSION = YES;
				CLANG_WARN_DEPRECATED_OBJC_IMPLEMENTATIONS = YES;
				CLANG_WARN_DIRECT_OBJC_ISA_USAGE = YES_ERROR;
				CLANG_WARN_DOCUMENTATION_COMMENTS = YES;
				CLANG_WARN_EMPTY_BODY = YES;
				CLANG_WARN_ENUM_CONVERSION = YES;
				CLANG_WARN_INFINITE_RECURSION = YES;
				CLANG_WARN_INT_CONVERSION = YES;
				CLANG_WARN_NON_LITERAL_NULL_CONVERSION = YES;
				CLANG_WARN_OBJC_IMPLICIT_RETAIN_SELF = YES;
				CLANG_WARN_OBJC_LITERAL_CONVERSION = YES;
				CLANG_WARN_OBJC_ROOT_CLASS = YES_ERROR;
				CLANG_WARN_QUOTED_INCLUDE_IN_FRAMEWORK_HEADER = YES;
				CLANG_WARN_RANGE_LOOP_ANALYSIS = YES;
				CLANG_WARN_STRICT_PROTOTYPES = YES;
				CLANG_WARN_SUSPICIOUS_MOVE = YES;
				CLANG_WARN_UNGUARDED_AVAILABILITY = YES_AGGRESSIVE;
				CLANG_WARN_UNREACHABLE_CODE = YES;
				CLANG_WARN__DUPLICATE_METHOD_MATCH = YES;
				COPY_PHASE_STRIP = NO;
				DEBUG_INFORMATION_FORMAT = dwarf;
				ENABLE_STRICT_OBJC_MSGSEND = YES;
				ENABLE_TESTABILITY = YES;
				ENABLE_USER_SCRIPT_SANDBOXING = YES;
				GCC_C_LANGUAGE_STANDARD = gnu17;
				GCC_DYNAMIC_NO_PIC = NO;
				GCC_NO_COMMON_BLOCKS = YES;
				GCC_OPTIMIZATION_LEVEL = 0;
				GCC_PREPROCESSOR_DEFINITIONS = (
					"DEBUG=1",
					"$(inherited)",
				);
				GCC_WARN_64_TO_32_BIT_CONVERSION = YES;
				GCC_WARN_ABOUT_RETURN_TYPE = YES_ERROR;
				GCC_WARN_UNDECLARED_SELECTOR = YES;
				GCC_WARN_UNINITIALIZED_AUTOS = YES_AGGRESSIVE;
				GCC_WARN_UNUSED_FUNCTION = YES;
				GCC_WARN_UNUSED_VARIABLE = YES;
				IPHONEOS_DEPLOYMENT_TARGET = 17.2;
				LOCALIZATION_PREFERS_STRING_CATALOGS = YES;
				MTL_ENABLE_DEBUG_INFO = INCLUDE_SOURCE;
				MTL_FAST_MATH = YES;
				ONLY_ACTIVE_ARCH = YES;
				SDKROOT = iphoneos;
				SWIFT_ACTIVE_COMPILATION_CONDITIONS = "DEBUG $(inherited)";
				SWIFT_OPTIMIZATION_LEVEL = "-Onone";
			};
			name = Debug;
		};
		129D31992B7A3F4F00B5FA5D /* Release */ = {
			isa = XCBuildConfiguration;
			buildSettings = {
				ALWAYS_SEARCH_USER_PATHS = NO;
				ASSETCATALOG_COMPILER_GENERATE_SWIFT_ASSET_SYMBOL_EXTENSIONS = YES;
				CLANG_ANALYZER_NONNULL = YES;
				CLANG_ANALYZER_NUMBER_OBJECT_CONVERSION = YES_AGGRESSIVE;
				CLANG_CXX_LANGUAGE_STANDARD = "gnu++20";
				CLANG_ENABLE_MODULES = YES;
				CLANG_ENABLE_OBJC_ARC = YES;
				CLANG_ENABLE_OBJC_WEAK = YES;
				CLANG_WARN_BLOCK_CAPTURE_AUTORELEASING = YES;
				CLANG_WARN_BOOL_CONVERSION = YES;
				CLANG_WARN_COMMA = YES;
				CLANG_WARN_CONSTANT_CONVERSION = YES;
				CLANG_WARN_DEPRECATED_OBJC_IMPLEMENTATIONS = YES;
				CLANG_WARN_DIRECT_OBJC_ISA_USAGE = YES_ERROR;
				CLANG_WARN_DOCUMENTATION_COMMENTS = YES;
				CLANG_WARN_EMPTY_BODY = YES;
				CLANG_WARN_ENUM_CONVERSION = YES;
				CLANG_WARN_INFINITE_RECURSION = YES;
				CLANG_WARN_INT_CONVERSION = YES;
				CLANG_WARN_NON_LITERAL_NULL_CONVERSION = YES;
				CLANG_WARN_OBJC_IMPLICIT_RETAIN_SELF = YES;
				CLANG_WARN_OBJC_LITERAL_CONVERSION = YES;
				CLANG_WARN_OBJC_ROOT_CLASS = YES_ERROR;
				CLANG_WARN_QUOTED_INCLUDE_IN_FRAMEWORK_HEADER = YES;
				CLANG_WARN_RANGE_LOOP_ANALYSIS = YES;
				CLANG_WARN_STRICT_PROTOTYPES = YES;
				CLANG_WARN_SUSPICIOUS_MOVE = YES;
				CLANG_WARN_UNGUARDED_AVAILABILITY = YES_AGGRESSIVE;
				CLANG_WARN_UNREACHABLE_CODE = YES;
				CLANG_WARN__DUPLICATE_METHOD_MATCH = YES;
				COPY_PHASE_STRIP = NO;
				DEBUG_INFORMATION_FORMAT = "dwarf-with-dsym";
				ENABLE_NS_ASSERTIONS = NO;
				ENABLE_STRICT_OBJC_MSGSEND = YES;
				ENABLE_USER_SCRIPT_SANDBOXING = YES;
				GCC_C_LANGUAGE_STANDARD = gnu17;
				GCC_NO_COMMON_BLOCKS = YES;
				GCC_WARN_64_TO_32_BIT_CONVERSION = YES;
				GCC_WARN_ABOUT_RETURN_TYPE = YES_ERROR;
				GCC_WARN_UNDECLARED_SELECTOR = YES;
				GCC_WARN_UNINITIALIZED_AUTOS = YES_AGGRESSIVE;
				GCC_WARN_UNUSED_FUNCTION = YES;
				GCC_WARN_UNUSED_VARIABLE = YES;
				IPHONEOS_DEPLOYMENT_TARGET = 17.2;
				LOCALIZATION_PREFERS_STRING_CATALOGS = YES;
				MTL_ENABLE_DEBUG_INFO = NO;
				MTL_FAST_MATH = YES;
				SDKROOT = iphoneos;
				SWIFT_COMPILATION_MODE = wholemodule;
				VALIDATE_PRODUCT = YES;
			};
			name = Release;
		};
		129D319B2B7A3F4F00B5FA5D /* Debug */ = {
			isa = XCBuildConfiguration;
			buildSettings = {
				ASSETCATALOG_COMPILER_APPICON_NAME = AppIcon;
				ASSETCATALOG_COMPILER_GLOBAL_ACCENT_COLOR_NAME = AccentColor;
				CODE_SIGN_IDENTITY = "Apple Development";
				CODE_SIGN_STYLE = Automatic;
				CURRENT_PROJECT_VERSION = 1;
				DEVELOPMENT_ASSET_PATHS = "\"SwiftUIBasic/Preview Content\"";
				DEVELOPMENT_TEAM = 2R2YYN4YZ8;
				ENABLE_PREVIEWS = YES;
				GENERATE_INFOPLIST_FILE = YES;
				INFOPLIST_KEY_UIApplicationSceneManifest_Generation = YES;
				INFOPLIST_KEY_UIApplicationSupportsIndirectInputEvents = YES;
				INFOPLIST_KEY_UILaunchScreen_Generation = YES;
				INFOPLIST_KEY_UISupportedInterfaceOrientations_iPad = "UIInterfaceOrientationPortrait UIInterfaceOrientationPortraitUpsideDown UIInterfaceOrientationLandscapeLeft UIInterfaceOrientationLandscapeRight";
				INFOPLIST_KEY_UISupportedInterfaceOrientations_iPhone = "UIInterfaceOrientationPortrait UIInterfaceOrientationLandscapeLeft UIInterfaceOrientationLandscapeRight";
				LD_RUNPATH_SEARCH_PATHS = (
					"$(inherited)",
					"@executable_path/Frameworks",
				);
				MARKETING_VERSION = 1.0;
				PRODUCT_BUNDLE_IDENTIFIER = com.asukim.test.SwiftUIBasic;
				PRODUCT_NAME = "$(TARGET_NAME)";
				PROVISIONING_PROFILE_SPECIFIER = "";
				SWIFT_EMIT_LOC_STRINGS = YES;
				SWIFT_VERSION = 5.0;
				TARGETED_DEVICE_FAMILY = "1,2";
			};
			name = Debug;
		};
		129D319C2B7A3F4F00B5FA5D /* Release */ = {
			isa = XCBuildConfiguration;
			buildSettings = {
				ASSETCATALOG_COMPILER_APPICON_NAME = AppIcon;
				ASSETCATALOG_COMPILER_GLOBAL_ACCENT_COLOR_NAME = AccentColor;
				CODE_SIGN_IDENTITY = "Apple Development";
				CODE_SIGN_STYLE = Automatic;
				CURRENT_PROJECT_VERSION = 1;
				DEVELOPMENT_ASSET_PATHS = "\"SwiftUIBasic/Preview Content\"";
				DEVELOPMENT_TEAM = 2R2YYN4YZ8;
				ENABLE_PREVIEWS = YES;
				GENERATE_INFOPLIST_FILE = YES;
				INFOPLIST_KEY_UIApplicationSceneManifest_Generation = YES;
				INFOPLIST_KEY_UIApplicationSupportsIndirectInputEvents = YES;
				INFOPLIST_KEY_UILaunchScreen_Generation = YES;
				INFOPLIST_KEY_UISupportedInterfaceOrientations_iPad = "UIInterfaceOrientationPortrait UIInterfaceOrientationPortraitUpsideDown UIInterfaceOrientationLandscapeLeft UIInterfaceOrientationLandscapeRight";
				INFOPLIST_KEY_UISupportedInterfaceOrientations_iPhone = "UIInterfaceOrientationPortrait UIInterfaceOrientationLandscapeLeft UIInterfaceOrientationLandscapeRight";
				LD_RUNPATH_SEARCH_PATHS = (
					"$(inherited)",
					"@executable_path/Frameworks",
				);
				MARKETING_VERSION = 1.0;
				PRODUCT_BUNDLE_IDENTIFIER = com.asukim.test.SwiftUIBasic;
				PRODUCT_NAME = "$(TARGET_NAME)";
				PROVISIONING_PROFILE_SPECIFIER = "";
				SWIFT_EMIT_LOC_STRINGS = YES;
				SWIFT_VERSION = 5.0;
				TARGETED_DEVICE_FAMILY = "1,2";
			};
			name = Release;
		};
/* End XCBuildConfiguration section */

/* Begin XCConfigurationList section */
		129D31872B7A3F4E00B5FA5D /* Build configuration list for PBXProject "SwiftUIBasic" */ = {
			isa = XCConfigurationList;
			buildConfigurations = (
				129D31982B7A3F4F00B5FA5D /* Debug */,
				129D31992B7A3F4F00B5FA5D /* Release */,
			);
			defaultConfigurationIsVisible = 0;
			defaultConfigurationName = Release;
		};
		129D319A2B7A3F4F00B5FA5D /* Build configuration list for PBXNativeTarget "SwiftUIBasic" */ = {
			isa = XCConfigurationList;
			buildConfigurations = (
				129D319B2B7A3F4F00B5FA5D /* Debug */,
				129D319C2B7A3F4F00B5FA5D /* Release */,
			);
			defaultConfigurationIsVisible = 0;
			defaultConfigurationName = Release;
		};
/* End XCConfigurationList section */
	};
	rootObject = 129D31842B7A3F4E00B5FA5D /* Project object */;
}
